
Microsoft Visual Studio Solution File, Format Version 12.00
# Visual Studio Version 17
VisualStudioVersion = 17.3.32721.290
MinimumVisualStudioVersion = 10.0.40219.1
Project("{6EC3EE1D-3C4E-46DD-8F32-0CC8E7565705}") = "Day01-FS", "adventofcode2022\Day01-FS.fsproj", "{BEB1A38D-F957-4801-B669-F6D0F8477959}"
EndProject
Project("{6EC3EE1D-3C4E-46DD-8F32-0CC8E7565705}") = "Day02-FS", "Day02-FS\Day02-FS.fsproj", "{F5511CED-CF22-4AB9-A46E-40548BA90869}"
EndProject
Project("{6EC3EE1D-3C4E-46DD-8F32-0CC8E7565705}") = "Day03-FS", "Day03-FS\Day03-FS.fsproj", "{8D3579AD-CADB-498B-AEF0-5916F2347933}"
EndProject
Project("{6EC3EE1D-3C4E-46DD-8F32-0CC8E7565705}") = "Day04-FS", "Day04-FS\Day04-FS.fsproj", "{8D8201BC-ED3C-4FDB-B324-82F53307CAC1}"
EndProject
Project("{6EC3EE1D-3C4E-46DD-8F32-0CC8E7565705}") = "AdventOfCodeUtils", "AdventOfCodeUtils\AdventOfCodeUtils.fsproj", "{4CB65241-32BD-4F0E-BD63-F19E1528330F}"
EndProject
Project("{6EC3EE1D-3C4E-46DD-8F32-0CC8E7565705}") = "Day05-FS", "Day05-FS\Day05-FS.fsproj", "{14C95CB9-8C1D-4C2F-B926-A918D9AB6603}"
EndProject
Project("{6EC3EE1D-3C4E-46DD-8F32-0CC8E7565705}") = "Day06-FS", "Day06-FS\Day06-FS.fsproj", "{FBD6470A-2975-482F-85E5-90603FC5D036}"
EndProject
Project("{F2A71F9B-5D33-465A-A702-920D77279786}") = "Day07-FS", "Day07-FS\Day07-FS.fsproj", "{B4C2DAC4-D23C-4BD2-B3ED-9E5D7877763C}"
EndProject
Global
	GlobalSection(SolutionConfigurationPlatforms) = preSolution
		Debug|Any CPU = Debug|Any CPU
		Release|Any CPU = Release|Any CPU
	EndGlobalSection
	GlobalSection(ProjectConfigurationPlatforms) = postSolution
		{BEB1A38D-F957-4801-B669-F6D0F8477959}.Debug|Any CPU.ActiveCfg = Debug|Any CPU
		{BEB1A38D-F957-4801-B669-F6D0F8477959}.Debug|Any CPU.Build.0 = Debug|Any CPU
		{BEB1A38D-F957-4801-B669-F6D0F8477959}.Release|Any CPU.ActiveCfg = Release|Any CPU
		{BEB1A38D-F957-4801-B669-F6D0F8477959}.Release|Any CPU.Build.0 = Release|Any CPU
		{F5511CED-CF22-4AB9-A46E-40548BA90869}.Debug|Any CPU.ActiveCfg = Debug|Any CPU
		{F5511CED-CF22-4AB9-A46E-40548BA90869}.Debug|Any CPU.Build.0 = Debug|Any CPU
		{F5511CED-CF22-4AB9-A46E-40548BA90869}.Release|Any CPU.ActiveCfg = Release|Any CPU
		{F5511CED-CF22-4AB9-A46E-40548BA90869}.Release|Any CPU.Build.0 = Release|Any CPU
		{8D3579AD-CADB-498B-AEF0-5916F2347933}.Debug|Any CPU.ActiveCfg = Debug|Any CPU
		{8D3579AD-CADB-498B-AEF0-5916F2347933}.Debug|Any CPU.Build.0 = Debug|Any CPU
		{8D3579AD-CADB-498B-AEF0-5916F2347933}.Release|Any CPU.ActiveCfg = Release|Any CPU
		{8D3579AD-CADB-498B-AEF0-5916F2347933}.Release|Any CPU.Build.0 = Release|Any CPU
		{8D8201BC-ED3C-4FDB-B324-82F53307CAC1}.Debug|Any CPU.ActiveCfg = Debug|Any CPU
		{8D8201BC-ED3C-4FDB-B324-82F53307CAC1}.Debug|Any CPU.Build.0 = Debug|Any CPU
		{8D8201BC-ED3C-4FDB-B324-82F53307CAC1}.Release|Any CPU.ActiveCfg = Release|Any CPU
		{8D8201BC-ED3C-4FDB-B324-82F53307CAC1}.Release|Any CPU.Build.0 = Release|Any CPU
		{4CB65241-32BD-4F0E-BD63-F19E1528330F}.Debug|Any CPU.ActiveCfg = Debug|Any CPU
		{4CB65241-32BD-4F0E-BD63-F19E1528330F}.Debug|Any CPU.Build.0 = Debug|Any CPU
		{4CB65241-32BD-4F0E-BD63-F19E1528330F}.Release|Any CPU.ActiveCfg = Release|Any CPU
		{4CB65241-32BD-4F0E-BD63-F19E1528330F}.Release|Any CPU.Build.0 = Release|Any CPU
		{14C95CB9-8C1D-4C2F-B926-A918D9AB6603}.Debug|Any CPU.ActiveCfg = Debug|Any CPU
		{14C95CB9-8C1D-4C2F-B926-A918D9AB6603}.Debug|Any CPU.Build.0 = Debug|Any CPU
		{14C95CB9-8C1D-4C2F-B926-A918D9AB6603}.Release|Any CPU.ActiveCfg = Release|Any CPU
		{14C95CB9-8C1D-4C2F-B926-A918D9AB6603}.Release|Any CPU.Build.0 = Release|Any CPU
		{FBD6470A-2975-482F-85E5-90603FC5D036}.Debug|Any CPU.ActiveCfg = Debug|Any CPU
		{FBD6470A-2975-482F-85E5-90603FC5D036}.Debug|Any CPU.Build.0 = Debug|Any CPU
		{FBD6470A-2975-482F-85E5-90603FC5D036}.Release|Any CPU.ActiveCfg = Release|Any CPU
		{FBD6470A-2975-482F-85E5-90603FC5D036}.Release|Any CPU.Build.0 = Release|Any CPU
		{B4C2DAC4-D23C-4BD2-B3ED-9E5D7877763C}.Debug|Any CPU.ActiveCfg = Debug|Any CPU
		{B4C2DAC4-D23C-4BD2-B3ED-9E5D7877763C}.Debug|Any CPU.Build.0 = Debug|Any CPU
		{B4C2DAC4-D23C-4BD2-B3ED-9E5D7877763C}.Release|Any CPU.ActiveCfg = Release|Any CPU
		{B4C2DAC4-D23C-4BD2-B3ED-9E5D7877763C}.Release|Any CPU.Build.0 = Release|Any CPU
	EndGlobalSection
	GlobalSection(SolutionProperties) = preSolution
		HideSolutionNode = FALSE
	EndGlobalSection
	GlobalSection(ExtensibilityGlobals) = postSolution
		SolutionGuid = {18886990-1288-4B23-BDD1-93588205B0DB}
	EndGlobalSection
EndGlobal
